
Microsoft Visual Studio Solution File, Format Version 12.00
# Visual Studio Version 17
VisualStudioVersion = 17.8.34525.116
MinimumVisualStudioVersion = 10.0.40219.1
Project("{9A19103F-16F7-4668-BE54-9A1E7A4F7556}") = "EvalBack.Functions", "EvalBack.Functions\EvalBack.Functions.csproj", "{31E89151-BAA9-4AED-B95C-90E467233E83}"
EndProject
Project("{9A19103F-16F7-4668-BE54-9A1E7A4F7556}") = "EvalBack.Service", "EvalBack.Service\EvalBack.Service.csproj", "{83E8EC1C-80B3-4D07-9689-35D4775EF28F}"
EndProject
Project("{9A19103F-16F7-4668-BE54-9A1E7A4F7556}") = "EvalBack.Services.Contracts", "EvalBack.Services.Contracts\EvalBack.Services.Contracts.csproj", "{F7DC7956-18A4-4F87-A166-B78313B28E29}"
EndProject
Project("{9A19103F-16F7-4668-BE54-9A1E7A4F7556}") = "EvalBack.Repositories", "EvalBack.Repositories\EvalBack.Repositories.csproj", "{C84677AF-7256-4E19-9177-B18C196EC853}"
EndProject
Project("{9A19103F-16F7-4668-BE54-9A1E7A4F7556}") = "EvalBack.Repositories.Contracts", "EvalBack.Repositories.Contracts\EvalBack.Repositories.Contracts.csproj", "{B3FAA0A5-3788-4F48-B1C4-A5ABC809E27C}"
EndProject
Project("{9A19103F-16F7-4668-BE54-9A1E7A4F7556}") = "EvalBack.Entities", "EvalBack.Entities\EvalBack.Entities.csproj", "{D6326030-56A9-4581-96D1-DB35BBCF5ECE}"
EndProject
Project("{FAE04EC0-301F-11D3-BF4B-00C04F79EFBC}") = "EvalBack.Context", "EvalBack.Context\EvalBack.Context.csproj", "{B8BEE03D-5BE2-48AA-B9CD-C529879C622B}"
EndProject
Global
	GlobalSection(SolutionConfigurationPlatforms) = preSolution
		Debug|Any CPU = Debug|Any CPU
		Release|Any CPU = Release|Any CPU
	EndGlobalSection
	GlobalSection(ProjectConfigurationPlatforms) = postSolution
		{31E89151-BAA9-4AED-B95C-90E467233E83}.Debug|Any CPU.ActiveCfg = Debug|Any CPU
		{31E89151-BAA9-4AED-B95C-90E467233E83}.Debug|Any CPU.Build.0 = Debug|Any CPU
		{31E89151-BAA9-4AED-B95C-90E467233E83}.Release|Any CPU.ActiveCfg = Release|Any CPU
		{31E89151-BAA9-4AED-B95C-90E467233E83}.Release|Any CPU.Build.0 = Release|Any CPU
		{83E8EC1C-80B3-4D07-9689-35D4775EF28F}.Debug|Any CPU.ActiveCfg = Debug|Any CPU
		{83E8EC1C-80B3-4D07-9689-35D4775EF28F}.Debug|Any CPU.Build.0 = Debug|Any CPU
		{83E8EC1C-80B3-4D07-9689-35D4775EF28F}.Release|Any CPU.ActiveCfg = Release|Any CPU
		{83E8EC1C-80B3-4D07-9689-35D4775EF28F}.Release|Any CPU.Build.0 = Release|Any CPU
		{F7DC7956-18A4-4F87-A166-B78313B28E29}.Debug|Any CPU.ActiveCfg = Debug|Any CPU
		{F7DC7956-18A4-4F87-A166-B78313B28E29}.Debug|Any CPU.Build.0 = Debug|Any CPU
		{F7DC7956-18A4-4F87-A166-B78313B28E29}.Release|Any CPU.ActiveCfg = Release|Any CPU
		{F7DC7956-18A4-4F87-A166-B78313B28E29}.Release|Any CPU.Build.0 = Release|Any CPU
		{C84677AF-7256-4E19-9177-B18C196EC853}.Debug|Any CPU.ActiveCfg = Debug|Any CPU
		{C84677AF-7256-4E19-9177-B18C196EC853}.Debug|Any CPU.Build.0 = Debug|Any CPU
		{C84677AF-7256-4E19-9177-B18C196EC853}.Release|Any CPU.ActiveCfg = Release|Any CPU
		{C84677AF-7256-4E19-9177-B18C196EC853}.Release|Any CPU.Build.0 = Release|Any CPU
		{B3FAA0A5-3788-4F48-B1C4-A5ABC809E27C}.Debug|Any CPU.ActiveCfg = Debug|Any CPU
		{B3FAA0A5-3788-4F48-B1C4-A5ABC809E27C}.Debug|Any CPU.Build.0 = Debug|Any CPU
		{B3FAA0A5-3788-4F48-B1C4-A5ABC809E27C}.Release|Any CPU.ActiveCfg = Release|Any CPU
		{B3FAA0A5-3788-4F48-B1C4-A5ABC809E27C}.Release|Any CPU.Build.0 = Release|Any CPU
		{D6326030-56A9-4581-96D1-DB35BBCF5ECE}.Debug|Any CPU.ActiveCfg = Debug|Any CPU
		{D6326030-56A9-4581-96D1-DB35BBCF5ECE}.Debug|Any CPU.Build.0 = Debug|Any CPU
		{D6326030-56A9-4581-96D1-DB35BBCF5ECE}.Release|Any CPU.ActiveCfg = Release|Any CPU
		{D6326030-56A9-4581-96D1-DB35BBCF5ECE}.Release|Any CPU.Build.0 = Release|Any CPU
		{B8BEE03D-5BE2-48AA-B9CD-C529879C622B}.Debug|Any CPU.ActiveCfg = Debug|Any CPU
		{B8BEE03D-5BE2-48AA-B9CD-C529879C622B}.Debug|Any CPU.Build.0 = Debug|Any CPU
		{B8BEE03D-5BE2-48AA-B9CD-C529879C622B}.Release|Any CPU.ActiveCfg = Release|Any CPU
		{B8BEE03D-5BE2-48AA-B9CD-C529879C622B}.Release|Any CPU.Build.0 = Release|Any CPU
	EndGlobalSection
	GlobalSection(SolutionProperties) = preSolution
		HideSolutionNode = FALSE
	EndGlobalSection
	GlobalSection(ExtensibilityGlobals) = postSolution
		SolutionGuid = {8E94B674-57EA-42AE-9964-ECE96941F607}
	EndGlobalSection
EndGlobal
